
Microsoft Visual Studio Solution File, Format Version 12.00
# Visual Studio Version 17
VisualStudioVersion = 17.9.34622.214
MinimumVisualStudioVersion = 10.0.40219.1
Project("{9A19103F-16F7-4668-BE54-9A1E7A4F7556}") = "QuizLand.WebAPI", "src\QuizLand.WebAPI\QuizLand.WebAPI.csproj", "{C70FD0C2-FD1D-4B7B-A1C1-096267B2A55A}"
EndProject
Project("{9A19103F-16F7-4668-BE54-9A1E7A4F7556}") = "QuizLand.DataLayer.Core", "src\QuizLand.DataLayer.Core\QuizLand.DataLayer.Core.csproj", "{DBB01E81-837A-4B8E-B8C6-9F6F00A0EAEC}"
EndProject
Project("{9A19103F-16F7-4668-BE54-9A1E7A4F7556}") = "QuizLand.DataLayer.Base", "src\QuizLand.DataLayer.Base\QuizLand.DataLayer.Base.csproj", "{44423F84-2088-4668-806E-2E809B5A960C}"
EndProject
Project("{9A19103F-16F7-4668-BE54-9A1E7A4F7556}") = "QuizLandInfrastructure", "QuizLandInfrastruction\QuizLandInfrastructure.csproj", "{75FC0B30-1E65-42F9-84B8-741611A1B50C}"
EndProject
Global
	GlobalSection(SolutionConfigurationPlatforms) = preSolution
		Debug|Any CPU = Debug|Any CPU
		Release|Any CPU = Release|Any CPU
	EndGlobalSection
	GlobalSection(ProjectConfigurationPlatforms) = postSolution
		{C70FD0C2-FD1D-4B7B-A1C1-096267B2A55A}.Debug|Any CPU.ActiveCfg = Debug|Any CPU
		{C70FD0C2-FD1D-4B7B-A1C1-096267B2A55A}.Debug|Any CPU.Build.0 = Debug|Any CPU
		{C70FD0C2-FD1D-4B7B-A1C1-096267B2A55A}.Release|Any CPU.ActiveCfg = Release|Any CPU
		{C70FD0C2-FD1D-4B7B-A1C1-096267B2A55A}.Release|Any CPU.Build.0 = Release|Any CPU
		{DBB01E81-837A-4B8E-B8C6-9F6F00A0EAEC}.Debug|Any CPU.ActiveCfg = Debug|Any CPU
		{DBB01E81-837A-4B8E-B8C6-9F6F00A0EAEC}.Debug|Any CPU.Build.0 = Debug|Any CPU
		{DBB01E81-837A-4B8E-B8C6-9F6F00A0EAEC}.Release|Any CPU.ActiveCfg = Release|Any CPU
		{DBB01E81-837A-4B8E-B8C6-9F6F00A0EAEC}.Release|Any CPU.Build.0 = Release|Any CPU
		{44423F84-2088-4668-806E-2E809B5A960C}.Debug|Any CPU.ActiveCfg = Debug|Any CPU
		{44423F84-2088-4668-806E-2E809B5A960C}.Debug|Any CPU.Build.0 = Debug|Any CPU
		{44423F84-2088-4668-806E-2E809B5A960C}.Release|Any CPU.ActiveCfg = Release|Any CPU
		{44423F84-2088-4668-806E-2E809B5A960C}.Release|Any CPU.Build.0 = Release|Any CPU
		{75FC0B30-1E65-42F9-84B8-741611A1B50C}.Debug|Any CPU.ActiveCfg = Debug|Any CPU
		{75FC0B30-1E65-42F9-84B8-741611A1B50C}.Debug|Any CPU.Build.0 = Debug|Any CPU
		{75FC0B30-1E65-42F9-84B8-741611A1B50C}.Release|Any CPU.ActiveCfg = Release|Any CPU
		{75FC0B30-1E65-42F9-84B8-741611A1B50C}.Release|Any CPU.Build.0 = Release|Any CPU
	EndGlobalSection
	GlobalSection(SolutionProperties) = preSolution
		HideSolutionNode = FALSE
	EndGlobalSection
	GlobalSection(ExtensibilityGlobals) = postSolution
		SolutionGuid = {59D603BF-F13D-47A5-B48B-997C28039049}
	EndGlobalSection
EndGlobal
